
Microsoft Visual Studio Solution File, Format Version 12.00
# Visual Studio Version 17
VisualStudioVersion = 17.4.33205.214
MinimumVisualStudioVersion = 10.0.40219.1
Project("{9A19103F-16F7-4668-BE54-9A1E7A4F7556}") = "ci_cd_1", "ci_cd_1\ci_cd_1.csproj", "{3952477B-B792-4078-90A2-983561E6C1E2}"
EndProject
Project("{FAE04EC0-301F-11D3-BF4B-00C04F79EFBC}") = "TestProject1", "TestProject1\TestProject1.csproj", "{73F352A8-058C-4C6E-83A7-E21424967776}"
EndProject
Global
	GlobalSection(SolutionConfigurationPlatforms) = preSolution
		Debug|Any CPU = Debug|Any CPU
		Release|Any CPU = Release|Any CPU
	EndGlobalSection
	GlobalSection(ProjectConfigurationPlatforms) = postSolution
		{3952477B-B792-4078-90A2-983561E6C1E2}.Debug|Any CPU.ActiveCfg = Debug|Any CPU
		{3952477B-B792-4078-90A2-983561E6C1E2}.Debug|Any CPU.Build.0 = Debug|Any CPU
		{3952477B-B792-4078-90A2-983561E6C1E2}.Release|Any CPU.ActiveCfg = Release|Any CPU
		{3952477B-B792-4078-90A2-983561E6C1E2}.Release|Any CPU.Build.0 = Release|Any CPU
		{73F352A8-058C-4C6E-83A7-E21424967776}.Debug|Any CPU.ActiveCfg = Debug|Any CPU
		{73F352A8-058C-4C6E-83A7-E21424967776}.Debug|Any CPU.Build.0 = Debug|Any CPU
		{73F352A8-058C-4C6E-83A7-E21424967776}.Release|Any CPU.ActiveCfg = Release|Any CPU
		{73F352A8-058C-4C6E-83A7-E21424967776}.Release|Any CPU.Build.0 = Release|Any CPU
	EndGlobalSection
	GlobalSection(SolutionProperties) = preSolution
		HideSolutionNode = FALSE
	EndGlobalSection
	GlobalSection(ExtensibilityGlobals) = postSolution
		SolutionGuid = {663F4AC7-4A60-4BEE-8B0C-08BE062999FA}
	EndGlobalSection
EndGlobal
